
Microsoft Visual Studio Solution File, Format Version 12.00
# Visual Studio Version 16
VisualStudioVersion = 16.0.30309.148
MinimumVisualStudioVersion = 10.0.40219.1
Project("{9A19103F-16F7-4668-BE54-9A1E7A4F7556}") = "Application_DEMO", "Application_DEMO\Application_DEMO.csproj", "{42D796EC-7E1E-4F6D-982D-73E3E9AB88D1}"
EndProject
Global
	GlobalSection(SolutionConfigurationPlatforms) = preSolution
		Debug|Any CPU = Debug|Any CPU
		Release|Any CPU = Release|Any CPU
	EndGlobalSection
	GlobalSection(ProjectConfigurationPlatforms) = postSolution
		{42D796EC-7E1E-4F6D-982D-73E3E9AB88D1}.Debug|Any CPU.ActiveCfg = Debug|Any CPU
		{42D796EC-7E1E-4F6D-982D-73E3E9AB88D1}.Debug|Any CPU.Build.0 = Debug|Any CPU
		{42D796EC-7E1E-4F6D-982D-73E3E9AB88D1}.Release|Any CPU.ActiveCfg = Release|Any CPU
		{42D796EC-7E1E-4F6D-982D-73E3E9AB88D1}.Release|Any CPU.Build.0 = Release|Any CPU
	EndGlobalSection
	GlobalSection(SolutionProperties) = preSolution
		HideSolutionNode = FALSE
	EndGlobalSection
	GlobalSection(ExtensibilityGlobals) = postSolution
		SolutionGuid = {774C16AA-137E-460B-8271-77D48B7CBF94}
	EndGlobalSection
EndGlobal
